{
  "name": "dotfiles-pi-brain-extensions",
  "lockfileVersion": 3,
  "requires": true,
  "packages": {
    "": {
      "name": "dotfiles-pi-brain-extensions",
      "dependencies": {
        "typebox": "^1.3.0"
      }
    },
    "node_modules/typebox": {
      "version": "1.3.23",
      "resolved": "https://registry.npmjs.org/typebox/-/typebox-1.3.23.tgz",
      "integrity": "sha512-eMDZIb3EhHxm/tQ+xfbb++B+1KMpquxYoRQ0nHWukMmNxrYHsbRQwW15chb2doi0FdJ/MxDXpgZRFJUyizMkkw==",
      "license": "MIT"
    }
  }
}
